
Microsoft Visual Studio Solution File, Format Version 12.00
# Visual Studio Version 16
VisualStudioVersion = 16.0.31605.320
MinimumVisualStudioVersion = 10.0.40219.1
Project("{2150E333-8FDC-42A3-9474-1A3956D46DE8}") = "Services", "Services", "{F3CB152D-2DFA-4F02-9ED7-7A5B988C4CE5}"
EndProject
Project("{2150E333-8FDC-42A3-9474-1A3956D46DE8}") = "Core", "Core", "{CFC26501-8355-4EB5-B565-62DF03D2173C}"
EndProject
Project("{2150E333-8FDC-42A3-9474-1A3956D46DE8}") = "Model", "Model", "{FF1551E7-FC15-4895-9BC0-76CDA97D430F}"
	ProjectSection(SolutionItems) = preProject
		Model\Readme.md = Model\Readme.md
	EndProjectSection
EndProject
Project("{9A19103F-16F7-4668-BE54-9A1E7A4F7556}") = "ServiceKit.Model", "Model\ServiceKit.Model\ServiceKit.Model.csproj", "{E3C84EB2-3D8B-41A3-BDF5-9347B231F4B8}"
EndProject
Project("{9A19103F-16F7-4668-BE54-9A1E7A4F7556}") = "ServiceKit.EmailService", "Core\ServiceKit.EmailService\ServiceKit.EmailService.csproj", "{A58905AC-2C3C-4C23-8C30-ED1B01D9BD28}"
EndProject
Project("{9A19103F-16F7-4668-BE54-9A1E7A4F7556}") = "ServiceKit.Model.WBS", "Model\ServiceKit.Model.WBS\ServiceKit.Model.WBS.csproj", "{974E6379-6E3A-4716-908F-BABF263D26FC}"
EndProject
Project("{9A19103F-16F7-4668-BE54-9A1E7A4F7556}") = "ServiceKit.IdentityService", "Core\ServiceKit.IdentityService\ServiceKit.IdentityService.csproj", "{4F9D955B-7F1B-4545-AA85-7D35125161D4}"
EndProject
Project("{2150E333-8FDC-42A3-9474-1A3956D46DE8}") = "Helpers", "Helpers", "{CF84E270-75E8-4442-A47A-C83769C9D9BF}"
EndProject
Project("{9A19103F-16F7-4668-BE54-9A1E7A4F7556}") = "ServiceKit.Helpers.Common", "Helpers\ServiceKit.Helpers.Common\ServiceKit.Helpers.Common.csproj", "{887D5B43-FFB2-4417-B3E7-BDDA3F70CAE0}"
EndProject
Project("{9A19103F-16F7-4668-BE54-9A1E7A4F7556}") = "ServiceKit.WordProcessing", "Core\ServiceKit.WordProcessing\ServiceKit.WordProcessing.csproj", "{8FC366C5-2540-46FD-A5DE-331585C2E931}"
EndProject
Project("{2150E333-8FDC-42A3-9474-1A3956D46DE8}") = "Extra", "Extra", "{772B7B7A-16AD-4934-8EF3-E527E95B8B67}"
EndProject
Project("{9A19103F-16F7-4668-BE54-9A1E7A4F7556}") = "ServiceKit.Quotes", "Extra\ServiceKit.Quotes\ServiceKit.Quotes.csproj", "{0B14F6B4-DA14-49BC-8393-91EB27DA6BE5}"
EndProject
Project("{2150E333-8FDC-42A3-9474-1A3956D46DE8}") = "ExternalSytem", "ExternalSytem", "{81AA7E84-CAED-4301-A4FA-574D3C9C826B}"
EndProject
Project("{2150E333-8FDC-42A3-9474-1A3956D46DE8}") = "IMS", "IMS", "{2B1FDD23-843C-48FA-8DFD-C572A06CFF44}"
EndProject
Project("{9A19103F-16F7-4668-BE54-9A1E7A4F7556}") = "IMS.ERP1C", "ExternalSystem\IMS\IMS.ERP1C\IMS.ERP1C.csproj", "{04C9F804-C0B1-46D5-BED7-4DD04448E46E}"
EndProject
Project("{2150E333-8FDC-42A3-9474-1A3956D46DE8}") = "Common", "Common", "{08B6AFE3-4B76-443F-992D-6FB887FF1FBA}"
EndProject
Project("{2150E333-8FDC-42A3-9474-1A3956D46DE8}") = "IMS", "IMS", "{2B55831B-362E-4F2E-906E-9D6005DF35AE}"
EndProject
Project("{9A19103F-16F7-4668-BE54-9A1E7A4F7556}") = "ServiceKit.Schedule", "Services\IMS\ServiceKit.Schedule\ServiceKit.Schedule.csproj", "{F2FB1796-A946-48E4-88A9-B7BD3724B132}"
EndProject
Project("{9A19103F-16F7-4668-BE54-9A1E7A4F7556}") = "ServiceKit.WBS", "Services\IMS\ServiceKit.WBS\ServiceKit.WBS.csproj", "{8092717A-C639-479E-B698-A7B6F08136AE}"
EndProject
Project("{2150E333-8FDC-42A3-9474-1A3956D46DE8}") = "CSIT", "CSIT", "{C0EB720E-F6E6-4DC2-91E6-79246D8F6E9F}"
EndProject
Project("{9A19103F-16F7-4668-BE54-9A1E7A4F7556}") = "ServiceKit.CSIT.CSP", "Services\CSIT\ServiceKit.CSIT.CSP\ServiceKit.CSIT.CSP.csproj", "{A7C01B79-29F7-4AD2-928D-94AABEFB4970}"
EndProject
Project("{9A19103F-16F7-4668-BE54-9A1E7A4F7556}") = "ServiceKit.ExternalSystem.Common", "ExternalSystem\Common\ServiceKit.ExternalSystem.Common\ServiceKit.ExternalSystem.Common.csproj", "{53289F63-F724-4146-A45B-5DFA2EFC64FB}"
EndProject
Project("{9A19103F-16F7-4668-BE54-9A1E7A4F7556}") = "ServiceKit.SimpleRoleService", "Core\ServiceKit.SimpleRoleService\ServiceKit.SimpleRoleService.csproj", "{AFFD354C-DFC8-443E-AF40-1CE69F9BC870}"
EndProject
Project("{2150E333-8FDC-42A3-9474-1A3956D46DE8}") = "PayDox", "PayDox", "{31D09F3C-07BF-48CA-ADA6-5E54EC7C4288}"
EndProject
Project("{9A19103F-16F7-4668-BE54-9A1E7A4F7556}") = "ServiceKit.PayDox", "ExternalSystem\PayDox\ServiceKit.PayDox\ServiceKit.PayDox.csproj", "{D6B8C9DF-5ED7-46E2-8D29-0017431FBF7B}"
EndProject
Global
	GlobalSection(SolutionConfigurationPlatforms) = preSolution
		Debug|Any CPU = Debug|Any CPU
		Release|Any CPU = Release|Any CPU
	EndGlobalSection
	GlobalSection(ProjectConfigurationPlatforms) = postSolution
		{E3C84EB2-3D8B-41A3-BDF5-9347B231F4B8}.Debug|Any CPU.ActiveCfg = Debug|Any CPU
		{E3C84EB2-3D8B-41A3-BDF5-9347B231F4B8}.Debug|Any CPU.Build.0 = Debug|Any CPU
		{E3C84EB2-3D8B-41A3-BDF5-9347B231F4B8}.Release|Any CPU.ActiveCfg = Release|Any CPU
		{E3C84EB2-3D8B-41A3-BDF5-9347B231F4B8}.Release|Any CPU.Build.0 = Release|Any CPU
		{A58905AC-2C3C-4C23-8C30-ED1B01D9BD28}.Debug|Any CPU.ActiveCfg = Debug|Any CPU
		{A58905AC-2C3C-4C23-8C30-ED1B01D9BD28}.Debug|Any CPU.Build.0 = Debug|Any CPU
		{A58905AC-2C3C-4C23-8C30-ED1B01D9BD28}.Release|Any CPU.ActiveCfg = Release|Any CPU
		{A58905AC-2C3C-4C23-8C30-ED1B01D9BD28}.Release|Any CPU.Build.0 = Release|Any CPU
		{974E6379-6E3A-4716-908F-BABF263D26FC}.Debug|Any CPU.ActiveCfg = Debug|Any CPU
		{974E6379-6E3A-4716-908F-BABF263D26FC}.Debug|Any CPU.Build.0 = Debug|Any CPU
		{974E6379-6E3A-4716-908F-BABF263D26FC}.Release|Any CPU.ActiveCfg = Release|Any CPU
		{974E6379-6E3A-4716-908F-BABF263D26FC}.Release|Any CPU.Build.0 = Release|Any CPU
		{4F9D955B-7F1B-4545-AA85-7D35125161D4}.Debug|Any CPU.ActiveCfg = Debug|Any CPU
		{4F9D955B-7F1B-4545-AA85-7D35125161D4}.Debug|Any CPU.Build.0 = Debug|Any CPU
		{4F9D955B-7F1B-4545-AA85-7D35125161D4}.Release|Any CPU.ActiveCfg = Release|Any CPU
		{4F9D955B-7F1B-4545-AA85-7D35125161D4}.Release|Any CPU.Build.0 = Release|Any CPU
		{887D5B43-FFB2-4417-B3E7-BDDA3F70CAE0}.Debug|Any CPU.ActiveCfg = Debug|Any CPU
		{887D5B43-FFB2-4417-B3E7-BDDA3F70CAE0}.Debug|Any CPU.Build.0 = Debug|Any CPU
		{887D5B43-FFB2-4417-B3E7-BDDA3F70CAE0}.Release|Any CPU.ActiveCfg = Release|Any CPU
		{887D5B43-FFB2-4417-B3E7-BDDA3F70CAE0}.Release|Any CPU.Build.0 = Release|Any CPU
		{8FC366C5-2540-46FD-A5DE-331585C2E931}.Debug|Any CPU.ActiveCfg = Debug|Any CPU
		{8FC366C5-2540-46FD-A5DE-331585C2E931}.Debug|Any CPU.Build.0 = Debug|Any CPU
		{8FC366C5-2540-46FD-A5DE-331585C2E931}.Release|Any CPU.ActiveCfg = Release|Any CPU
		{8FC366C5-2540-46FD-A5DE-331585C2E931}.Release|Any CPU.Build.0 = Release|Any CPU
		{0B14F6B4-DA14-49BC-8393-91EB27DA6BE5}.Debug|Any CPU.ActiveCfg = Debug|Any CPU
		{0B14F6B4-DA14-49BC-8393-91EB27DA6BE5}.Debug|Any CPU.Build.0 = Debug|Any CPU
		{0B14F6B4-DA14-49BC-8393-91EB27DA6BE5}.Release|Any CPU.ActiveCfg = Release|Any CPU
		{0B14F6B4-DA14-49BC-8393-91EB27DA6BE5}.Release|Any CPU.Build.0 = Release|Any CPU
		{04C9F804-C0B1-46D5-BED7-4DD04448E46E}.Debug|Any CPU.ActiveCfg = Debug|Any CPU
		{04C9F804-C0B1-46D5-BED7-4DD04448E46E}.Debug|Any CPU.Build.0 = Debug|Any CPU
		{04C9F804-C0B1-46D5-BED7-4DD04448E46E}.Release|Any CPU.ActiveCfg = Release|Any CPU
		{04C9F804-C0B1-46D5-BED7-4DD04448E46E}.Release|Any CPU.Build.0 = Release|Any CPU
		{F2FB1796-A946-48E4-88A9-B7BD3724B132}.Debug|Any CPU.ActiveCfg = Debug|Any CPU
		{F2FB1796-A946-48E4-88A9-B7BD3724B132}.Debug|Any CPU.Build.0 = Debug|Any CPU
		{F2FB1796-A946-48E4-88A9-B7BD3724B132}.Release|Any CPU.ActiveCfg = Release|Any CPU
		{F2FB1796-A946-48E4-88A9-B7BD3724B132}.Release|Any CPU.Build.0 = Release|Any CPU
		{8092717A-C639-479E-B698-A7B6F08136AE}.Debug|Any CPU.ActiveCfg = Debug|Any CPU
		{8092717A-C639-479E-B698-A7B6F08136AE}.Debug|Any CPU.Build.0 = Debug|Any CPU
		{8092717A-C639-479E-B698-A7B6F08136AE}.Release|Any CPU.ActiveCfg = Release|Any CPU
		{8092717A-C639-479E-B698-A7B6F08136AE}.Release|Any CPU.Build.0 = Release|Any CPU
		{A7C01B79-29F7-4AD2-928D-94AABEFB4970}.Debug|Any CPU.ActiveCfg = Debug|Any CPU
		{A7C01B79-29F7-4AD2-928D-94AABEFB4970}.Debug|Any CPU.Build.0 = Debug|Any CPU
		{A7C01B79-29F7-4AD2-928D-94AABEFB4970}.Release|Any CPU.ActiveCfg = Release|Any CPU
		{A7C01B79-29F7-4AD2-928D-94AABEFB4970}.Release|Any CPU.Build.0 = Release|Any CPU
		{53289F63-F724-4146-A45B-5DFA2EFC64FB}.Debug|Any CPU.ActiveCfg = Debug|Any CPU
		{53289F63-F724-4146-A45B-5DFA2EFC64FB}.Debug|Any CPU.Build.0 = Debug|Any CPU
		{53289F63-F724-4146-A45B-5DFA2EFC64FB}.Release|Any CPU.ActiveCfg = Release|Any CPU
		{53289F63-F724-4146-A45B-5DFA2EFC64FB}.Release|Any CPU.Build.0 = Release|Any CPU
		{AFFD354C-DFC8-443E-AF40-1CE69F9BC870}.Debug|Any CPU.ActiveCfg = Debug|Any CPU
		{AFFD354C-DFC8-443E-AF40-1CE69F9BC870}.Debug|Any CPU.Build.0 = Debug|Any CPU
		{AFFD354C-DFC8-443E-AF40-1CE69F9BC870}.Release|Any CPU.ActiveCfg = Release|Any CPU
		{AFFD354C-DFC8-443E-AF40-1CE69F9BC870}.Release|Any CPU.Build.0 = Release|Any CPU
		{D6B8C9DF-5ED7-46E2-8D29-0017431FBF7B}.Debug|Any CPU.ActiveCfg = Debug|Any CPU
		{D6B8C9DF-5ED7-46E2-8D29-0017431FBF7B}.Debug|Any CPU.Build.0 = Debug|Any CPU
		{D6B8C9DF-5ED7-46E2-8D29-0017431FBF7B}.Release|Any CPU.ActiveCfg = Release|Any CPU
		{D6B8C9DF-5ED7-46E2-8D29-0017431FBF7B}.Release|Any CPU.Build.0 = Release|Any CPU
	EndGlobalSection
	GlobalSection(SolutionProperties) = preSolution
		HideSolutionNode = FALSE
	EndGlobalSection
	GlobalSection(NestedProjects) = preSolution
		{E3C84EB2-3D8B-41A3-BDF5-9347B231F4B8} = {FF1551E7-FC15-4895-9BC0-76CDA97D430F}
		{A58905AC-2C3C-4C23-8C30-ED1B01D9BD28} = {CFC26501-8355-4EB5-B565-62DF03D2173C}
		{974E6379-6E3A-4716-908F-BABF263D26FC} = {FF1551E7-FC15-4895-9BC0-76CDA97D430F}
		{4F9D955B-7F1B-4545-AA85-7D35125161D4} = {CFC26501-8355-4EB5-B565-62DF03D2173C}
		{887D5B43-FFB2-4417-B3E7-BDDA3F70CAE0} = {CF84E270-75E8-4442-A47A-C83769C9D9BF}
		{8FC366C5-2540-46FD-A5DE-331585C2E931} = {CFC26501-8355-4EB5-B565-62DF03D2173C}
		{0B14F6B4-DA14-49BC-8393-91EB27DA6BE5} = {772B7B7A-16AD-4934-8EF3-E527E95B8B67}
		{2B1FDD23-843C-48FA-8DFD-C572A06CFF44} = {81AA7E84-CAED-4301-A4FA-574D3C9C826B}
		{04C9F804-C0B1-46D5-BED7-4DD04448E46E} = {2B1FDD23-843C-48FA-8DFD-C572A06CFF44}
		{08B6AFE3-4B76-443F-992D-6FB887FF1FBA} = {81AA7E84-CAED-4301-A4FA-574D3C9C826B}
		{2B55831B-362E-4F2E-906E-9D6005DF35AE} = {F3CB152D-2DFA-4F02-9ED7-7A5B988C4CE5}
		{F2FB1796-A946-48E4-88A9-B7BD3724B132} = {2B55831B-362E-4F2E-906E-9D6005DF35AE}
		{8092717A-C639-479E-B698-A7B6F08136AE} = {2B55831B-362E-4F2E-906E-9D6005DF35AE}
		{C0EB720E-F6E6-4DC2-91E6-79246D8F6E9F} = {F3CB152D-2DFA-4F02-9ED7-7A5B988C4CE5}
		{A7C01B79-29F7-4AD2-928D-94AABEFB4970} = {C0EB720E-F6E6-4DC2-91E6-79246D8F6E9F}
		{53289F63-F724-4146-A45B-5DFA2EFC64FB} = {08B6AFE3-4B76-443F-992D-6FB887FF1FBA}
		{AFFD354C-DFC8-443E-AF40-1CE69F9BC870} = {CFC26501-8355-4EB5-B565-62DF03D2173C}
		{31D09F3C-07BF-48CA-ADA6-5E54EC7C4288} = {81AA7E84-CAED-4301-A4FA-574D3C9C826B}
		{D6B8C9DF-5ED7-46E2-8D29-0017431FBF7B} = {31D09F3C-07BF-48CA-ADA6-5E54EC7C4288}
	EndGlobalSection
	GlobalSection(ExtensibilityGlobals) = postSolution
		SolutionGuid = {4713CE49-5ED8-4D11-B2C6-E43FC4B91E77}
	EndGlobalSection
EndGlobal
